{
  "pins" : [
    {
      "identity" : "sentry-cocoa",
      "kind" : "remoteSourceControl",
      "location" : "https://github.com/getsentry/sentry-cocoa",
      "state" : {
        "revision" : "43abfbf9a26089ad34604c718ad0935440caf1d4",
        "version" : "9.18.0"
      }
    }
  ],
  "version" : 2
}
