{
  "pins" : [
    {
      "identity" : "sentry-cocoa",
      "kind" : "remoteSourceControl",
      "location" : "https://github.com/getsentry/sentry-cocoa",
      "state" : {
        "revision" : "cef29e94feb00b1b712514443d6d70b09ef20355",
        "version" : "9.15.0"
      }
    }
  ],
  "version" : 2
}
